
Microsoft Visual Studio Solution File, Format Version 12.00
# Visual Studio Version 16
VisualStudioVersion = 16.0.31313.79
MinimumVisualStudioVersion = 10.0.40219.1
Project("{FAE04EC0-301F-11D3-BF4B-00C04F79EFBC}") = "Metodos y Arrays - C2 Ej1", "Metodos y Arrays - C2 Ej1\Metodos y Arrays - C2 Ej1.csproj", "{62828007-B70B-46C0-87C3-5F582C35EB64}"
EndProject
Global
	GlobalSection(SolutionConfigurationPlatforms) = preSolution
		Debug|Any CPU = Debug|Any CPU
		Release|Any CPU = Release|Any CPU
	EndGlobalSection
	GlobalSection(ProjectConfigurationPlatforms) = postSolution
		{62828007-B70B-46C0-87C3-5F582C35EB64}.Debug|Any CPU.ActiveCfg = Debug|Any CPU
		{62828007-B70B-46C0-87C3-5F582C35EB64}.Debug|Any CPU.Build.0 = Debug|Any CPU
		{62828007-B70B-46C0-87C3-5F582C35EB64}.Release|Any CPU.ActiveCfg = Release|Any CPU
		{62828007-B70B-46C0-87C3-5F582C35EB64}.Release|Any CPU.Build.0 = Release|Any CPU
	EndGlobalSection
	GlobalSection(SolutionProperties) = preSolution
		HideSolutionNode = FALSE
	EndGlobalSection
	GlobalSection(ExtensibilityGlobals) = postSolution
		SolutionGuid = {994AEBD4-DAE3-43A5-9704-02E92A45DB5E}
	EndGlobalSection
EndGlobal
